
Microsoft Visual Studio Solution File, Format Version 12.00
# Visual Studio Version 16
VisualStudioVersion = 16.0.32413.511
MinimumVisualStudioVersion = 10.0.40219.1
Project("{FAE04EC0-301F-11D3-BF4B-00C04F79EFBC}") = "DI_Library", "DI_Library\DI_Library.csproj", "{FCBFD620-9650-4C9D-92C4-7D1709EA14DA}"
EndProject
Project("{FAE04EC0-301F-11D3-BF4B-00C04F79EFBC}") = "LR4_main", "LR4_main\LR4_main.csproj", "{0ED8B53B-F755-4FA5-9053-A8E2507B6737}"
EndProject
Global
	GlobalSection(SolutionConfigurationPlatforms) = preSolution
		Debug|Any CPU = Debug|Any CPU
		Release|Any CPU = Release|Any CPU
	EndGlobalSection
	GlobalSection(ProjectConfigurationPlatforms) = postSolution
		{FCBFD620-9650-4C9D-92C4-7D1709EA14DA}.Debug|Any CPU.ActiveCfg = Debug|Any CPU
		{FCBFD620-9650-4C9D-92C4-7D1709EA14DA}.Debug|Any CPU.Build.0 = Debug|Any CPU
		{FCBFD620-9650-4C9D-92C4-7D1709EA14DA}.Release|Any CPU.ActiveCfg = Release|Any CPU
		{FCBFD620-9650-4C9D-92C4-7D1709EA14DA}.Release|Any CPU.Build.0 = Release|Any CPU
		{0ED8B53B-F755-4FA5-9053-A8E2507B6737}.Debug|Any CPU.ActiveCfg = Debug|Any CPU
		{0ED8B53B-F755-4FA5-9053-A8E2507B6737}.Debug|Any CPU.Build.0 = Debug|Any CPU
		{0ED8B53B-F755-4FA5-9053-A8E2507B6737}.Release|Any CPU.ActiveCfg = Release|Any CPU
		{0ED8B53B-F755-4FA5-9053-A8E2507B6737}.Release|Any CPU.Build.0 = Release|Any CPU
	EndGlobalSection
	GlobalSection(SolutionProperties) = preSolution
		HideSolutionNode = FALSE
	EndGlobalSection
	GlobalSection(ExtensibilityGlobals) = postSolution
		SolutionGuid = {472B218B-BFA9-4A2C-97C4-09DE20F350DF}
	EndGlobalSection
EndGlobal
